// !$*UTF8*$!
{
	archiveVersion = 1;
	classes = {
	};
	objectVersion = 46;
	objects = {

/* Begin PBXBuildFile section */
		A2C8994A1B36F8C5006E973D /* main.m in Sources */ = {isa = PBXBuildFile; fileRef = A2C899491B36F8C5006E973D /* main.m */; };
		A2C899521B36F8DC006E973D /* sample01.cpp in Sources */ = {isa = PBXBuildFile; fileRef = A2C899501B36F8DC006E973D /* sample01.cpp */; };
/* End PBXBuildFile section */

/* Begin PBXCopyFilesBuildPhase section */
		A2C899441B36F8C5006E973D /* CopyFiles */ = {
			isa = PBXCopyFilesBuildPhase;
			buildActionMask = 2147483647;
			dstPath = /usr/share/man/man1/;
			dstSubfolderSpec = 0;
			files = (
			);
			runOnlyForDeploymentPostprocessing = 1;
		};
/* End PBXCopyFilesBuildPhase section */

/* Begin PBXFileReference section */
		A2C899461B36F8C5006E973D /* Cpp11Sample */ = {isa = PBXFileReference; explicitFileType = "compiled.mach-o.executable"; includeInIndex = 0; path = Cpp11Sample; sourceTree = BUILT_PRODUCTS_DIR; };
		A2C899491B36F8C5006E973D /* main.m */ = {isa = PBXFileReference; lastKnownFileType = sourcecode.c.objc; path = main.m; sourceTree = "<group>"; };
		A2C899501B36F8DC006E973D /* sample01.cpp */ = {isa = PBXFileReference; fileEncoding = 4; lastKnownFileType = sourcecode.cpp.cpp; path = sample01.cpp; sourceTree = "<group>"; };
		A2C899511B36F8DC006E973D /* sample01.h */ = {isa = PBXFileReference; fileEncoding = 4; lastKnownFileType = sourcecode.c.h; path = sample01.h; sourceTree = "<group>"; };
/* End PBXFileReference section */

/* Begin PBXFrameworksBuildPhase section */
		A2C899431B36F8C5006E973D /* Frameworks */ = {
			isa = PBXFrameworksBuildPhase;
			buildActionMask = 2147483647;
			files = (
			);
			runOnlyForDeploymentPostprocessing = 0;
		};
/* End PBXFrameworksBuildPhase section */

/* Begin PBXGroup section */
		A2C8993D1B36F8C5006E973D = {
			isa = PBXGroup;
			children = (
				A2C899481B36F8C5006E973D /* Cpp11Sample */,
				A2C899471B36F8C5006E973D /* Products */,
			);
			sourceTree = "<group>";
		};
		A2C899471B36F8C5006E973D /* Products */ = {
			isa = PBXGroup;
			children = (
				A2C899461B36F8C5006E973D /* Cpp11Sample */,
			);
			name = Products;
			sourceTree = "<group>";
		};
		A2C899481B36F8C5006E973D /* Cpp11Sample */ = {
			isa = PBXGroup;
			children = (
				A2C899491B36F8C5006E973D /* main.m */,
				A2C899501B36F8DC006E973D /* sample01.cpp */,
				A2C899511B36F8DC006E973D /* sample01.h */,
			);
			path = Cpp11Sample;
			sourceTree = "<group>";
		};
/* End PBXGroup section */

/* Begin PBXNativeTarget section */
		A2C899451B36F8C5006E973D /* Cpp11Sample */ = {
			isa = PBXNativeTarget;
			buildConfigurationList = A2C8994D1B36F8C5006E973D /* Build configuration list for PBXNativeTarget "Cpp11Sample" */;
			buildPhases = (
				A2C899421B36F8C5006E973D /* Sources */,
				A2C899431B36F8C5006E973D /* Frameworks */,
				A2C899441B36F8C5006E973D /* CopyFiles */,
			);
			buildRules = (
			);
			dependencies = (
			);
			name = Cpp11Sample;
			productName = Cpp11Sample;
			productReference = A2C899461B36F8C5006E973D /* Cpp11Sample */;
			productType = "com.apple.product-type.tool";
		};
/* End PBXNativeTarget section */

/* Begin PBXProject section */
		A2C8993E1B36F8C5006E973D /* Project object */ = {
			isa = PBXProject;
			attributes = {
				LastUpgradeCheck = 0630;
				ORGANIZATIONNAME = pebble8888;
				TargetAttributes = {
					A2C899451B36F8C5006E973D = {
						CreatedOnToolsVersion = 6.3.2;
					};
				};
			};
			buildConfigurationList = A2C899411B36F8C5006E973D /* Build configuration list for PBXProject "Cpp11Sample" */;
			compatibilityVersion = "Xcode 3.2";
			developmentRegion = English;
			hasScannedForEncodings = 0;
			knownRegions = (
				en,
			);
			mainGroup = A2C8993D1B36F8C5006E973D;
			productRefGroup = A2C899471B36F8C5006E973D /* Products */;
			projectDirPath = "";
			projectRoot = "";
			targets = (
				A2C899451B36F8C5006E973D /* Cpp11Sample */,
			);
		};
/* End PBXProject section */

/* Begin PBXSourcesBuildPhase section */
		A2C899421B36F8C5006E973D /* Sources */ = {
			isa = PBXSourcesBuildPhase;
			buildActionMask = 2147483647;
			files = (
				A2C899521B36F8DC006E973D /* sample01.cpp in Sources */,
				A2C8994A1B36F8C5006E973D /* main.m in Sources */,
			);
			runOnlyForDeploymentPostprocessing = 0;
		};
/* End PBXSourcesBuildPhase section */

/* Begin XCBuildConfiguration section */
		A2C8994B1B36F8C5006E973D /* Debug */ = {
			isa = XCBuildConfiguration;
			buildSettings = {
				ALWAYS_SEARCH_USER_PATHS = NO;
				CLANG_CXX_LANGUAGE_STANDARD = "gnu++0x";
				CLANG_CXX_LIBRARY = "libc++";
				CLANG_ENABLE_MODULES = YES;
				CLANG_ENABLE_OBJC_ARC = YES;
				CLANG_WARN_BOOL_CONVERSION = YES;
				CLANG_WARN_CONSTANT_CONVERSION = YES;
				CLANG_WARN_DIRECT_OBJC_ISA_USAGE = YES_ERROR;
				CLANG_WARN_EMPTY_BODY = YES;
				CLANG_WARN_ENUM_CONVERSION = YES;
				CLANG_WARN_INT_CONVERSION = YES;
				CLANG_WARN_OBJC_ROOT_CLASS = YES_ERROR;
				CLANG_WARN_UNREACHABLE_CODE = YES;
				CLANG_WARN__DUPLICATE_METHOD_MATCH = YES;
				COPY_PHASE_STRIP = NO;
				DEBUG_INFORMATION_FORMAT = dwarf;
				ENABLE_STRICT_OBJC_MSGSEND = YES;
				GCC_C_LANGUAGE_STANDARD = gnu99;
				GCC_DYNAMIC_NO_PIC = NO;
				GCC_NO_COMMON_BLOCKS = YES;
				GCC_OPTIMIZATION_LEVEL = 0;
				GCC_PREPROCESSOR_DEFINITIONS = (
					"DEBUG=1",
					"$(inherited)",
				);
				GCC_SYMBOLS_PRIVATE_EXTERN = NO;
				GCC_WARN_64_TO_32_BIT_CONVERSION = YES;
				GCC_WARN_ABOUT_RETURN_TYPE = YES_ERROR;
				GCC_WARN_UNDECLARED_SELECTOR = YES;
				GCC_WARN_UNINITIALIZED_AUTOS = YES_AGGRESSIVE;
				GCC_WARN_UNUSED_FUNCTION = YES;
				GCC_WARN_UNUSED_VARIABLE = YES;
				MACOSX_DEPLOYMENT_TARGET = 10.10;
				MTL_ENABLE_DEBUG_INFO = YES;
				ONLY_ACTIVE_ARCH = YES;
				SDKROOT = macosx;
			};
			name = Debug;
		};
		A2C8994C1B36F8C5006E973D /* Release */ = {
			isa = XCBuildConfiguration;
			buildSettings = {
				ALWAYS_SEARCH_USER_PATHS = NO;
				CLANG_CXX_LANGUAGE_STANDARD = "gnu++0x";
				CLANG_CXX_LIBRARY = "libc++";
				CLANG_ENABLE_MODULES = YES;
				CLANG_ENABLE_OBJC_ARC = YES;
				CLANG_WARN_BOOL_CONVERSION = YES;
				CLANG_WARN_CONSTANT_CONVERSION = YES;
				CLANG_WARN_DIRECT_OBJC_ISA_USAGE = YES_ERROR;
				CLANG_WARN_EMPTY_BODY = YES;
				CLANG_WARN_ENUM_CONVERSION = YES;
				CLANG_WARN_INT_CONVERSION = YES;
				CLANG_WARN_OBJC_ROOT_CLASS = YES_ERROR;
				CLANG_WARN_UNREACHABLE_CODE = YES;
				CLANG_WARN__DUPLICATE_METHOD_MATCH = YES;
				COPY_PHASE_STRIP = NO;
				DEBUG_INFORMATION_FORMAT = "dwarf-with-dsym";
				ENABLE_NS_ASSERTIONS = NO;
				ENABLE_STRICT_OBJC_MSGSEND = YES;
				GCC_C_LANGUAGE_STANDARD = gnu99;
				GCC_NO_COMMON_BLOCKS = YES;
				GCC_WARN_64_TO_32_BIT_CONVERSION = YES;
				GCC_WARN_ABOUT_RETURN_TYPE = YES_ERROR;
				GCC_WARN_UNDECLARED_SELECTOR = YES;
				GCC_WARN_UNINITIALIZED_AUTOS = YES_AGGRESSIVE;
				GCC_WARN_UNUSED_FUNCTION = YES;
				GCC_WARN_UNUSED_VARIABLE = YES;
				MACOSX_DEPLOYMENT_TARGET = 10.10;
				MTL_ENABLE_DEBUG_INFO = NO;
				SDKROOT = macosx;
			};
			name = Release;
		};
		A2C8994E1B36F8C5006E973D /* Debug */ = {
			isa = XCBuildConfiguration;
			buildSettings = {
				PRODUCT_NAME = "$(TARGET_NAME)";
			};
			name = Debug;
		};
		A2C8994F1B36F8C5006E973D /* Release */ = {
			isa = XCBuildConfiguration;
			buildSettings = {
				PRODUCT_NAME = "$(TARGET_NAME)";
			};
			name = Release;
		};
/* End XCBuildConfiguration section */

/* Begin XCConfigurationList section */
		A2C899411B36F8C5006E973D /* Build configuration list for PBXProject "Cpp11Sample" */ = {
			isa = XCConfigurationList;
			buildConfigurations = (
				A2C8994B1B36F8C5006E973D /* Debug */,
				A2C8994C1B36F8C5006E973D /* Release */,
			);
			defaultConfigurationIsVisible = 0;
			defaultConfigurationName = Release;
		};
		A2C8994D1B36F8C5006E973D /* Build configuration list for PBXNativeTarget "Cpp11Sample" */ = {
			isa = XCConfigurationList;
			buildConfigurations = (
				A2C8994E1B36F8C5006E973D /* Debug */,
				A2C8994F1B36F8C5006E973D /* Release */,
			);
			defaultConfigurationIsVisible = 0;
		};
/* End XCConfigurationList section */
	};
	rootObject = A2C8993E1B36F8C5006E973D /* Project object */;
}
